
Microsoft Visual Studio Solution File, Format Version 10.00
# Visual Studio 2008
Project("{FAE04EC0-301F-11D3-BF4B-00C04F79EFBC}") = "Problem_054", "Problem_054.csproj", "{FCCA4B0B-F648-4754-84C5-FC4D6B497C0E}"
EndProject
Global
	GlobalSection(SolutionConfigurationPlatforms) = preSolution
		Debug|Any CPU = Debug|Any CPU
		Release|Any CPU = Release|Any CPU
	EndGlobalSection
	GlobalSection(ProjectConfigurationPlatforms) = postSolution
		{FCCA4B0B-F648-4754-84C5-FC4D6B497C0E}.Debug|Any CPU.ActiveCfg = Debug|Any CPU
		{FCCA4B0B-F648-4754-84C5-FC4D6B497C0E}.Debug|Any CPU.Build.0 = Debug|Any CPU
		{FCCA4B0B-F648-4754-84C5-FC4D6B497C0E}.Release|Any CPU.ActiveCfg = Release|Any CPU
		{FCCA4B0B-F648-4754-84C5-FC4D6B497C0E}.Release|Any CPU.Build.0 = Release|Any CPU
	EndGlobalSection
	GlobalSection(SolutionProperties) = preSolution
		HideSolutionNode = FALSE
	EndGlobalSection
EndGlobal
