
Microsoft Visual Studio Solution File, Format Version 10.00
# Visual Studio 2008
Project("{FAE04EC0-301F-11D3-BF4B-00C04F79EFBC}") = "Problem_206", "Problem_206.csproj", "{79BE8670-C3ED-4245-9D14-05924121F99A}"
EndProject
Global
	GlobalSection(SolutionConfigurationPlatforms) = preSolution
		Debug|Any CPU = Debug|Any CPU
		Release|Any CPU = Release|Any CPU
	EndGlobalSection
	GlobalSection(ProjectConfigurationPlatforms) = postSolution
		{79BE8670-C3ED-4245-9D14-05924121F99A}.Debug|Any CPU.ActiveCfg = Debug|Any CPU
		{79BE8670-C3ED-4245-9D14-05924121F99A}.Debug|Any CPU.Build.0 = Debug|Any CPU
		{79BE8670-C3ED-4245-9D14-05924121F99A}.Release|Any CPU.ActiveCfg = Release|Any CPU
		{79BE8670-C3ED-4245-9D14-05924121F99A}.Release|Any CPU.Build.0 = Release|Any CPU
	EndGlobalSection
	GlobalSection(SolutionProperties) = preSolution
		HideSolutionNode = FALSE
	EndGlobalSection
EndGlobal
